# THIS IS AN AUTOGENERATED FILE. DO NOT EDIT THIS FILE DIRECTLY.
# yarn lockfile v1


"@babel/code-frame@^7.10.4":
  version "7.27.1"
  resolved "https://registry.npmjs.org/@babel/code-frame/-/code-frame-7.27.1.tgz"
  integrity sha512-cjQ7ZlQ0Mv3b47hABuTevyTuYN4i+loJKGeV9flcCgIK37cCXRh+L1bd3iBHlynerhQ7BhCkn2BPbQUL+rGqFg==
  dependencies:
    "@babel/helper-validator-identifier" "^7.27.1"
    js-tokens "^4.0.0"
    picocolors "^1.1.1"

"@babel/helper-validator-identifier@^7.27.1":
  version "7.27.1"
  resolved "https://registry.npmjs.org/@babel/helper-validator-identifier/-/helper-validator-identifier-7.27.1.tgz"
  integrity sha512-D2hP9eA+Sqx1kBZgzxZh0y1trbuU+JoDkiEwqhQ36nodYqJwyEIhPSdMNd7lOm/4io72luTPWH20Yda0xOuUow==

"@babel/runtime-corejs3@^7.10.2":
  version "7.28.4"
  resolved "https://registry.npmjs.org/@babel/runtime-corejs3/-/runtime-corejs3-7.28.4.tgz"
  integrity sha512-h7iEYiW4HebClDEhtvFObtPmIvrd1SSfpI9EhOeKk4CtIK/ngBWFpuhCzhdmRKtg71ylcue+9I6dv54XYO1epQ==
  dependencies:
    core-js-pure "^3.43.0"

"@babel/runtime@^7.1.2", "@babel/runtime@^7.10.2", "@babel/runtime@^7.12.1", "@babel/runtime@^7.12.5", "@babel/runtime@^7.9.2":
  version "7.28.4"
  resolved "https://registry.npmjs.org/@babel/runtime/-/runtime-7.28.4.tgz"
  integrity sha512-Q/N6JNWvIvPnLDvjlE1OUBLPQHH6l3CltCEsHIujp45zQUSSh8K+gHnaEX45yAT1nyngnINhvWtzN+Nb9D8RAQ==

"@firebase/ai@2.2.1":
  version "2.2.1"
  resolved "https://registry.npmjs.org/@firebase/ai/-/ai-2.2.1.tgz"
  integrity sha512-0VWlkGB18oDhwMqsgxpt/usMsyjnH3a7hTvQPcAbk7VhFg0QZMDX60mQKfLTFKrB5VwmlaIdVsSZznsTY2S0wA==
  dependencies:
    "@firebase/app-check-interop-types" "0.3.3"
    "@firebase/component" "0.7.0"
    "@firebase/logger" "0.5.0"
    "@firebase/util" "1.13.0"
    tslib "^2.1.0"

"@firebase/analytics-compat@0.2.24":
  version "0.2.24"
  resolved "https://registry.npmjs.org/@firebase/analytics-compat/-/analytics-compat-0.2.24.tgz"
  integrity sha512-jE+kJnPG86XSqGQGhXXYt1tpTbCTED8OQJ/PQ90SEw14CuxRxx/H+lFbWA1rlFtFSsTCptAJtgyRBwr/f00vsw==
  dependencies:
    "@firebase/analytics" "0.10.18"
    "@firebase/analytics-types" "0.8.3"
    "@firebase/component" "0.7.0"
    "@firebase/util" "1.13.0"
    tslib "^2.1.0"

"@firebase/analytics-types@0.8.3":
  version "0.8.3"
  resolved "https://registry.npmjs.org/@firebase/analytics-types/-/analytics-types-0.8.3.tgz"
  integrity sha512-VrIp/d8iq2g501qO46uGz3hjbDb8xzYMrbu8Tp0ovzIzrvJZ2fvmj649gTjge/b7cCCcjT0H37g1gVtlNhnkbg==

"@firebase/analytics@0.10.18":
  version "0.10.18"
  resolved "https://registry.npmjs.org/@firebase/analytics/-/analytics-0.10.18.tgz"
  integrity sha512-iN7IgLvM06iFk8BeFoWqvVpRFW3Z70f+Qe2PfCJ7vPIgLPjHXDE774DhCT5Y2/ZU/ZbXPDPD60x/XPWEoZLNdg==
  dependencies:
    "@firebase/component" "0.7.0"
    "@firebase/installations" "0.6.19"
    "@firebase/logger" "0.5.0"
    "@firebase/util" "1.13.0"
    tslib "^2.1.0"

"@firebase/app-check-compat@0.4.0":
  version "0.4.0"
  resolved "https://registry.npmjs.org/@firebase/app-check-compat/-/app-check-compat-0.4.0.tgz"
  integrity sha512-UfK2Q8RJNjYM/8MFORltZRG9lJj11k0nW84rrffiKvcJxLf1jf6IEjCIkCamykHE73C6BwqhVfhIBs69GXQV0g==
  dependencies:
    "@firebase/app-check" "0.11.0"
    "@firebase/app-check-types" "0.5.3"
    "@firebase/component" "0.7.0"
    "@firebase/logger" "0.5.0"
    "@firebase/util" "1.13.0"
    tslib "^2.1.0"

"@firebase/app-check-interop-types@0.3.3":
  version "0.3.3"
  resolved "https://registry.npmjs.org/@firebase/app-check-interop-types/-/app-check-interop-types-0.3.3.tgz"
  integrity sha512-gAlxfPLT2j8bTI/qfe3ahl2I2YcBQ8cFIBdhAQA4I2f3TndcO+22YizyGYuttLHPQEpWkhmpFW60VCFEPg4g5A==

"@firebase/app-check-types@0.5.3":
  version "0.5.3"
  resolved "https://registry.npmjs.org/@firebase/app-check-types/-/app-check-types-0.5.3.tgz"
  integrity sha512-hyl5rKSj0QmwPdsAxrI5x1otDlByQ7bvNvVt8G/XPO2CSwE++rmSVf3VEhaeOR4J8ZFaF0Z0NDSmLejPweZ3ng==

"@firebase/app-check@0.11.0":
  version "0.11.0"
  resolved "https://registry.npmjs.org/@firebase/app-check/-/app-check-0.11.0.tgz"
  integrity sha512-XAvALQayUMBJo58U/rxW02IhsesaxxfWVmVkauZvGEz3vOAjMEQnzFlyblqkc2iAaO82uJ2ZVyZv9XzPfxjJ6w==
  dependencies:
    "@firebase/component" "0.7.0"
    "@firebase/logger" "0.5.0"
    "@firebase/util" "1.13.0"
    tslib "^2.1.0"

"@firebase/app-compat@0.5.2", "@firebase/app-compat@0.x":
  version "0.5.2"
  resolved "https://registry.npmjs.org/@firebase/app-compat/-/app-compat-0.5.2.tgz"
  integrity sha512-cn+U27GDaBS/irsbvrfnPZdcCzeZPRGKieSlyb7vV6LSOL6mdECnB86PgYjYGxSNg8+U48L/NeevTV1odU+mOQ==
  dependencies:
    "@firebase/app" "0.14.2"
    "@firebase/component" "0.7.0"
    "@firebase/logger" "0.5.0"
    "@firebase/util" "1.13.0"
    tslib "^2.1.0"

"@firebase/app-types@0.9.3", "@firebase/app-types@0.x":
  version "0.9.3"
  resolved "https://registry.npmjs.org/@firebase/app-types/-/app-types-0.9.3.tgz"
  integrity sha512-kRVpIl4vVGJ4baogMDINbyrIOtOxqhkZQg4jTq3l8Lw6WSk0xfpEYzezFu+Kl4ve4fbPl79dvwRtaFqAC/ucCw==

"@firebase/app@0.14.2", "@firebase/app@0.x":
  version "0.14.2"
  resolved "https://registry.npmjs.org/@firebase/app/-/app-0.14.2.tgz"
  integrity sha512-Ecx2ig/JLC9ayIQwZHqm41Tzlf4c1WUuFhFUZB1y+JIJqDRE579x7Uil7tKT8MwDpOPwrK5ZtpxdSsrfy/LF8Q==
  dependencies:
    "@firebase/component" "0.7.0"
    "@firebase/logger" "0.5.0"
    "@firebase/util" "1.13.0"
    idb "7.1.1"
    tslib "^2.1.0"

"@firebase/auth-compat@0.6.0":
  version "0.6.0"
  resolved "https://registry.npmjs.org/@firebase/auth-compat/-/auth-compat-0.6.0.tgz"
  integrity sha512-J0lGSxXlG/lYVi45wbpPhcWiWUMXevY4fvLZsN1GHh+po7TZVng+figdHBVhFheaiipU8HZyc7ljw1jNojM2nw==
  dependencies:
    "@firebase/auth" "1.11.0"
    "@firebase/auth-types" "0.13.0"
    "@firebase/component" "0.7.0"
    "@firebase/util" "1.13.0"
    tslib "^2.1.0"

"@firebase/auth-interop-types@0.2.4":
  version "0.2.4"
  resolved "https://registry.npmjs.org/@firebase/auth-interop-types/-/auth-interop-types-0.2.4.tgz"
  integrity sha512-JPgcXKCuO+CWqGDnigBtvo09HeBs5u/Ktc2GaFj2m01hLarbxthLNm7Fk8iOP1aqAtXV+fnnGj7U28xmk7IwVA==

"@firebase/auth-types@0.13.0":
  version "0.13.0"
  resolved "https://registry.npmjs.org/@firebase/auth-types/-/auth-types-0.13.0.tgz"
  integrity sha512-S/PuIjni0AQRLF+l9ck0YpsMOdE8GO2KU6ubmBB7P+7TJUCQDa3R1dlgYm9UzGbbePMZsp0xzB93f2b/CgxMOg==

"@firebase/auth@1.11.0":
  version "1.11.0"
  resolved "https://registry.npmjs.org/@firebase/auth/-/auth-1.11.0.tgz"
  integrity sha512-5j7+ua93X+IRcJ1oMDTClTo85l7Xe40WSkoJ+shzPrX7OISlVWLdE1mKC57PSD+/LfAbdhJmvKixINBw2ESK6w==
  dependencies:
    "@firebase/component" "0.7.0"
    "@firebase/logger" "0.5.0"
    "@firebase/util" "1.13.0"
    tslib "^2.1.0"

"@firebase/component@0.7.0":
  version "0.7.0"
  resolved "https://registry.npmjs.org/@firebase/component/-/component-0.7.0.tgz"
  integrity sha512-wR9En2A+WESUHexjmRHkqtaVH94WLNKt6rmeqZhSLBybg4Wyf0Umk04SZsS6sBq4102ZsDBFwoqMqJYj2IoDSg==
  dependencies:
    "@firebase/util" "1.13.0"
    tslib "^2.1.0"

"@firebase/data-connect@0.3.11":
  version "0.3.11"
  resolved "https://registry.npmjs.org/@firebase/data-connect/-/data-connect-0.3.11.tgz"
  integrity sha512-G258eLzAD6im9Bsw+Qm1Z+P4x0PGNQ45yeUuuqe5M9B1rn0RJvvsQCRHXgE52Z+n9+WX1OJd/crcuunvOGc7Vw==
  dependencies:
    "@firebase/auth-interop-types" "0.2.4"
    "@firebase/component" "0.7.0"
    "@firebase/logger" "0.5.0"
    "@firebase/util" "1.13.0"
    tslib "^2.1.0"

"@firebase/database-compat@2.1.0":
  version "2.1.0"
  resolved "https://registry.npmjs.org/@firebase/database-compat/-/database-compat-2.1.0.tgz"
  integrity sha512-8nYc43RqxScsePVd1qe1xxvWNf0OBnbwHxmXJ7MHSuuTVYFO3eLyLW3PiCKJ9fHnmIz4p4LbieXwz+qtr9PZDg==
  dependencies:
    "@firebase/component" "0.7.0"
    "@firebase/database" "1.1.0"
    "@firebase/database-types" "1.0.16"
    "@firebase/logger" "0.5.0"
    "@firebase/util" "1.13.0"
    tslib "^2.1.0"

"@firebase/database-types@1.0.16":
  version "1.0.16"
  resolved "https://registry.npmjs.org/@firebase/database-types/-/database-types-1.0.16.tgz"
  integrity sha512-xkQLQfU5De7+SPhEGAXFBnDryUWhhlFXelEg2YeZOQMCdoe7dL64DDAd77SQsR+6uoXIZY5MB4y/inCs4GTfcw==
  dependencies:
    "@firebase/app-types" "0.9.3"
    "@firebase/util" "1.13.0"

"@firebase/database@1.1.0":
  version "1.1.0"
  resolved "https://registry.npmjs.org/@firebase/database/-/database-1.1.0.tgz"
  integrity sha512-gM6MJFae3pTyNLoc9VcJNuaUDej0ctdjn3cVtILo3D5lpp0dmUHHLFN/pUKe7ImyeB1KAvRlEYxvIHNF04Filg==
  dependencies:
    "@firebase/app-check-interop-types" "0.3.3"
    "@firebase/auth-interop-types" "0.2.4"
    "@firebase/component" "0.7.0"
    "@firebase/logger" "0.5.0"
    "@firebase/util" "1.13.0"
    faye-websocket "0.11.4"
    tslib "^2.1.0"

"@firebase/firestore-compat@0.4.1":
  version "0.4.1"
  resolved "https://registry.npmjs.org/@firebase/firestore-compat/-/firestore-compat-0.4.1.tgz"
  integrity sha512-BjalPTDh/K0vmR/M/DE148dpIqbcfvtFVTietbUDWDWYIl9YH0TTVp/EwXRbZwswPxyjx4GdHW61GB2AYVz1SQ==
  dependencies:
    "@firebase/component" "0.7.0"
    "@firebase/firestore" "4.9.1"
    "@firebase/firestore-types" "3.0.3"
    "@firebase/util" "1.13.0"
    tslib "^2.1.0"

"@firebase/firestore-types@3.0.3":
  version "3.0.3"
  resolved "https://registry.npmjs.org/@firebase/firestore-types/-/firestore-types-3.0.3.tgz"
  integrity sha512-hD2jGdiWRxB/eZWF89xcK9gF8wvENDJkzpVFb4aGkzfEaKxVRD1kjz1t1Wj8VZEp2LCB53Yx1zD8mrhQu87R6Q==

"@firebase/firestore@4.9.1":
  version "4.9.1"
  resolved "https://registry.npmjs.org/@firebase/firestore/-/firestore-4.9.1.tgz"
  integrity sha512-PYVUTkhC9y8pydrqC3O1Oc4AMfkGSWdmuH9xgPJjiEbpUIUPQ4J8wJhyuash+o2u+axmyNRFP8ULNUKb+WzBzQ==
  dependencies:
    "@firebase/component" "0.7.0"
    "@firebase/logger" "0.5.0"
    "@firebase/util" "1.13.0"
    "@firebase/webchannel-wrapper" "1.0.4"
    "@grpc/grpc-js" "~1.9.0"
    "@grpc/proto-loader" "^0.7.8"
    tslib "^2.1.0"

"@firebase/functions-compat@0.4.1":
  version "0.4.1"
  resolved "https://registry.npmjs.org/@firebase/functions-compat/-/functions-compat-0.4.1.tgz"
  integrity sha512-AxxUBXKuPrWaVNQ8o1cG1GaCAtXT8a0eaTDfqgS5VsRYLAR0ALcfqDLwo/QyijZj1w8Qf8n3Qrfy/+Im245hOQ==
  dependencies:
    "@firebase/component" "0.7.0"
    "@firebase/functions" "0.13.1"
    "@firebase/functions-types" "0.6.3"
    "@firebase/util" "1.13.0"
    tslib "^2.1.0"

"@firebase/functions-types@0.6.3":
  version "0.6.3"
  resolved "https://registry.npmjs.org/@firebase/functions-types/-/functions-types-0.6.3.tgz"
  integrity sha512-EZoDKQLUHFKNx6VLipQwrSMh01A1SaL3Wg6Hpi//x6/fJ6Ee4hrAeswK99I5Ht8roiniKHw4iO0B1Oxj5I4plg==

"@firebase/functions@0.13.1":
  version "0.13.1"
  resolved "https://registry.npmjs.org/@firebase/functions/-/functions-0.13.1.tgz"
  integrity sha512-sUeWSb0rw5T+6wuV2o9XNmh9yHxjFI9zVGFnjFi+n7drTEWpl7ZTz1nROgGrSu472r+LAaj+2YaSicD4R8wfbw==
  dependencies:
    "@firebase/app-check-interop-types" "0.3.3"
    "@firebase/auth-interop-types" "0.2.4"
    "@firebase/component" "0.7.0"
    "@firebase/messaging-interop-types" "0.2.3"
    "@firebase/util" "1.13.0"
    tslib "^2.1.0"

"@firebase/installations-compat@0.2.19":
  version "0.2.19"
  resolved "https://registry.npmjs.org/@firebase/installations-compat/-/installations-compat-0.2.19.tgz"
  integrity sha512-khfzIY3EI5LePePo7vT19/VEIH1E3iYsHknI/6ek9T8QCozAZshWT9CjlwOzZrKvTHMeNcbpo/VSOSIWDSjWdQ==
  dependencies:
    "@firebase/component" "0.7.0"
    "@firebase/installations" "0.6.19"
    "@firebase/installations-types" "0.5.3"
    "@firebase/util" "1.13.0"
    tslib "^2.1.0"

"@firebase/installations-types@0.5.3":
  version "0.5.3"
  resolved "https://registry.npmjs.org/@firebase/installations-types/-/installations-types-0.5.3.tgz"
  integrity sha512-2FJI7gkLqIE0iYsNQ1P751lO3hER+Umykel+TkLwHj6plzWVxqvfclPUZhcKFVQObqloEBTmpi2Ozn7EkCABAA==

"@firebase/installations@0.6.19":
  version "0.6.19"
  resolved "https://registry.npmjs.org/@firebase/installations/-/installations-0.6.19.tgz"
  integrity sha512-nGDmiwKLI1lerhwfwSHvMR9RZuIH5/8E3kgUWnVRqqL7kGVSktjLTWEMva7oh5yxQ3zXfIlIwJwMcaM5bK5j8Q==
  dependencies:
    "@firebase/component" "0.7.0"
    "@firebase/util" "1.13.0"
    idb "7.1.1"
    tslib "^2.1.0"

"@firebase/logger@0.5.0":
  version "0.5.0"
  resolved "https://registry.npmjs.org/@firebase/logger/-/logger-0.5.0.tgz"
  integrity sha512-cGskaAvkrnh42b3BA3doDWeBmuHFO/Mx5A83rbRDYakPjO9bJtRL3dX7javzc2Rr/JHZf4HlterTW2lUkfeN4g==
  dependencies:
    tslib "^2.1.0"

"@firebase/messaging-compat@0.2.23":
  version "0.2.23"
  resolved "https://registry.npmjs.org/@firebase/messaging-compat/-/messaging-compat-0.2.23.tgz"
  integrity sha512-SN857v/kBUvlQ9X/UjAqBoQ2FEaL1ZozpnmL1ByTe57iXkmnVVFm9KqAsTfmf+OEwWI4kJJe9NObtN/w22lUgg==
  dependencies:
    "@firebase/component" "0.7.0"
    "@firebase/messaging" "0.12.23"
    "@firebase/util" "1.13.0"
    tslib "^2.1.0"

"@firebase/messaging-interop-types@0.2.3":
  version "0.2.3"
  resolved "https://registry.npmjs.org/@firebase/messaging-interop-types/-/messaging-interop-types-0.2.3.tgz"
  integrity sha512-xfzFaJpzcmtDjycpDeCUj0Ge10ATFi/VHVIvEEjDNc3hodVBQADZ7BWQU7CuFpjSHE+eLuBI13z5F/9xOoGX8Q==

"@firebase/messaging@0.12.23":
  version "0.12.23"
  resolved "https://registry.npmjs.org/@firebase/messaging/-/messaging-0.12.23.tgz"
  integrity sha512-cfuzv47XxqW4HH/OcR5rM+AlQd1xL/VhuaeW/wzMW1LFrsFcTn0GND/hak1vkQc2th8UisBcrkVcQAnOnKwYxg==
  dependencies:
    "@firebase/component" "0.7.0"
    "@firebase/installations" "0.6.19"
    "@firebase/messaging-interop-types" "0.2.3"
    "@firebase/util" "1.13.0"
    idb "7.1.1"
    tslib "^2.1.0"

"@firebase/performance-compat@0.2.22":
  version "0.2.22"
  resolved "https://registry.npmjs.org/@firebase/performance-compat/-/performance-compat-0.2.22.tgz"
  integrity sha512-xLKxaSAl/FVi10wDX/CHIYEUP13jXUjinL+UaNXT9ByIvxII5Ne5150mx6IgM8G6Q3V+sPiw9C8/kygkyHUVxg==
  dependencies:
    "@firebase/component" "0.7.0"
    "@firebase/logger" "0.5.0"
    "@firebase/performance" "0.7.9"
    "@firebase/performance-types" "0.2.3"
    "@firebase/util" "1.13.0"
    tslib "^2.1.0"

"@firebase/performance-types@0.2.3":
  version "0.2.3"
  resolved "https://registry.npmjs.org/@firebase/performance-types/-/performance-types-0.2.3.tgz"
  integrity sha512-IgkyTz6QZVPAq8GSkLYJvwSLr3LS9+V6vNPQr0x4YozZJiLF5jYixj0amDtATf1X0EtYHqoPO48a9ija8GocxQ==

"@firebase/performance@0.7.9":
  version "0.7.9"
  resolved "https://registry.npmjs.org/@firebase/performance/-/performance-0.7.9.tgz"
  integrity sha512-UzybENl1EdM2I1sjYm74xGt/0JzRnU/0VmfMAKo2LSpHJzaj77FCLZXmYQ4oOuE+Pxtt8Wy2BVJEENiZkaZAzQ==
  dependencies:
    "@firebase/component" "0.7.0"
    "@firebase/installations" "0.6.19"
    "@firebase/logger" "0.5.0"
    "@firebase/util" "1.13.0"
    tslib "^2.1.0"
    web-vitals "^4.2.4"

"@firebase/remote-config-compat@0.2.19":
  version "0.2.19"
  resolved "https://registry.npmjs.org/@firebase/remote-config-compat/-/remote-config-compat-0.2.19.tgz"
  integrity sha512-y7PZAb0l5+5oIgLJr88TNSelxuASGlXyAKj+3pUc4fDuRIdPNBoONMHaIUa9rlffBR5dErmaD2wUBJ7Z1a513Q==
  dependencies:
    "@firebase/component" "0.7.0"
    "@firebase/logger" "0.5.0"
    "@firebase/remote-config" "0.6.6"
    "@firebase/remote-config-types" "0.4.0"
    "@firebase/util" "1.13.0"
    tslib "^2.1.0"

"@firebase/remote-config-types@0.4.0":
  version "0.4.0"
  resolved "https://registry.npmjs.org/@firebase/remote-config-types/-/remote-config-types-0.4.0.tgz"
  integrity sha512-7p3mRE/ldCNYt8fmWMQ/MSGRmXYlJ15Rvs9Rk17t8p0WwZDbeK7eRmoI1tvCPaDzn9Oqh+yD6Lw+sGLsLg4kKg==

"@firebase/remote-config@0.6.6":
  version "0.6.6"
  resolved "https://registry.npmjs.org/@firebase/remote-config/-/remote-config-0.6.6.tgz"
  integrity sha512-Yelp5xd8hM4NO1G1SuWrIk4h5K42mNwC98eWZ9YLVu6Z0S6hFk1mxotAdCRmH2luH8FASlYgLLq6OQLZ4nbnCA==
  dependencies:
    "@firebase/component" "0.7.0"
    "@firebase/installations" "0.6.19"
    "@firebase/logger" "0.5.0"
    "@firebase/util" "1.13.0"
    tslib "^2.1.0"

"@firebase/storage-compat@0.4.0":
  version "0.4.0"
  resolved "https://registry.npmjs.org/@firebase/storage-compat/-/storage-compat-0.4.0.tgz"
  integrity sha512-vDzhgGczr1OfcOy285YAPur5pWDEvD67w4thyeCUh6Ys0izN9fNYtA1MJERmNBfqjqu0lg0FM5GLbw0Il21M+g==
  dependencies:
    "@firebase/component" "0.7.0"
    "@firebase/storage" "0.14.0"
    "@firebase/storage-types" "0.8.3"
    "@firebase/util" "1.13.0"
    tslib "^2.1.0"

"@firebase/storage-types@0.8.3":
  version "0.8.3"
  resolved "https://registry.npmjs.org/@firebase/storage-types/-/storage-types-0.8.3.tgz"
  integrity sha512-+Muk7g9uwngTpd8xn9OdF/D48uiQ7I1Fae7ULsWPuKoCH3HU7bfFPhxtJYzyhjdniowhuDpQcfPmuNRAqZEfvg==

"@firebase/storage@0.14.0":
  version "0.14.0"
  resolved "https://registry.npmjs.org/@firebase/storage/-/storage-0.14.0.tgz"
  integrity sha512-xWWbb15o6/pWEw8H01UQ1dC5U3rf8QTAzOChYyCpafV6Xki7KVp3Yaw2nSklUwHEziSWE9KoZJS7iYeyqWnYFA==
  dependencies:
    "@firebase/component" "0.7.0"
    "@firebase/util" "1.13.0"
    tslib "^2.1.0"

"@firebase/util@1.13.0", "@firebase/util@1.x":
  version "1.13.0"
  resolved "https://registry.npmjs.org/@firebase/util/-/util-1.13.0.tgz"
  integrity sha512-0AZUyYUfpMNcztR5l09izHwXkZpghLgCUaAGjtMwXnCg3bj4ml5VgiwqOMOxJ+Nw4qN/zJAaOQBcJ7KGkWStqQ==
  dependencies:
    tslib "^2.1.0"

"@firebase/webchannel-wrapper@1.0.4":
  version "1.0.4"
  resolved "https://registry.npmjs.org/@firebase/webchannel-wrapper/-/webchannel-wrapper-1.0.4.tgz"
  integrity sha512-6m8+P+dE/RPl4OPzjTxcTbQ0rGeRyeTvAi9KwIffBVCiAMKrfXfLZaqD1F+m8t4B5/Q5aHsMozOgirkH1F5oMQ==

"@grpc/grpc-js@~1.9.0":
  version "1.9.15"
  resolved "https://registry.npmjs.org/@grpc/grpc-js/-/grpc-js-1.9.15.tgz"
  integrity sha512-nqE7Hc0AzI+euzUwDAy0aY5hCp10r734gMGRdU+qOPX0XSceI2ULrcXB5U2xSc5VkWwalCj4M7GzCAygZl2KoQ==
  dependencies:
    "@grpc/proto-loader" "^0.7.8"
    "@types/node" ">=12.12.47"

"@grpc/proto-loader@^0.7.8":
  version "0.7.15"
  resolved "https://registry.npmjs.org/@grpc/proto-loader/-/proto-loader-0.7.15.tgz"
  integrity sha512-tMXdRCfYVixjuFK+Hk0Q1s38gV9zDiDJfWL3h1rv4Qc39oILCu1TRTDt7+fGUI8K4G1Fj125Hx/ru3azECWTyQ==
  dependencies:
    lodash.camelcase "^4.3.0"
    long "^5.0.0"
    protobufjs "^7.2.5"
    yargs "^17.7.2"

"@jest/types@^26.6.2":
  version "26.6.2"
  resolved "https://registry.npmjs.org/@jest/types/-/types-26.6.2.tgz"
  integrity sha512-fC6QCp7Sc5sX6g8Tvbmj4XUTbyrik0akgRy03yjXbQaBWWNWGE7SGtJk98m0N8nzegD/7SggrUlivxo5ax4KWQ==
  dependencies:
    "@types/istanbul-lib-coverage" "^2.0.0"
    "@types/istanbul-reports" "^3.0.0"
    "@types/node" "*"
    "@types/yargs" "^15.0.0"
    chalk "^4.0.0"

"@protobufjs/aspromise@^1.1.1", "@protobufjs/aspromise@^1.1.2":
  version "1.1.2"
  resolved "https://registry.npmjs.org/@protobufjs/aspromise/-/aspromise-1.1.2.tgz"
  integrity sha512-j+gKExEuLmKwvz3OgROXtrJ2UG2x8Ch2YZUxahh+s1F2HZ+wAceUNLkvy6zKCPVRkU++ZWQrdxsUeQXmcg4uoQ==

"@protobufjs/base64@^1.1.2":
  version "1.1.2"
  resolved "https://registry.npmjs.org/@protobufjs/base64/-/base64-1.1.2.tgz"
  integrity sha512-AZkcAA5vnN/v4PDqKyMR5lx7hZttPDgClv83E//FMNhR2TMcLUhfRUBHCmSl0oi9zMgDDqRUJkSxO3wm85+XLg==

"@protobufjs/codegen@^2.0.4":
  version "2.0.4"
  resolved "https://registry.npmjs.org/@protobufjs/codegen/-/codegen-2.0.4.tgz"
  integrity sha512-YyFaikqM5sH0ziFZCN3xDC7zeGaB/d0IUb9CATugHWbd1FRFwWwt4ld4OYMPWu5a3Xe01mGAULCdqhMlPl29Jg==

"@protobufjs/eventemitter@^1.1.0":
  version "1.1.0"
  resolved "https://registry.npmjs.org/@protobufjs/eventemitter/-/eventemitter-1.1.0.tgz"
  integrity sha512-j9ednRT81vYJ9OfVuXG6ERSTdEL1xVsNgqpkxMsbIabzSo3goCjDIveeGv5d03om39ML71RdmrGNjG5SReBP/Q==

"@protobufjs/fetch@^1.1.0":
  version "1.1.0"
  resolved "https://registry.npmjs.org/@protobufjs/fetch/-/fetch-1.1.0.tgz"
  integrity sha512-lljVXpqXebpsijW71PZaCYeIcE5on1w5DlQy5WH6GLbFryLUrBD4932W/E2BSpfRJWseIL4v/KPgBFxDOIdKpQ==
  dependencies:
    "@protobufjs/aspromise" "^1.1.1"
    "@protobufjs/inquire" "^1.1.0"

"@protobufjs/float@^1.0.2":
  version "1.0.2"
  resolved "https://registry.npmjs.org/@protobufjs/float/-/float-1.0.2.tgz"
  integrity sha512-Ddb+kVXlXst9d+R9PfTIxh1EdNkgoRe5tOX6t01f1lYWOvJnSPDBlG241QLzcyPdoNTsblLUdujGSE4RzrTZGQ==

"@protobufjs/inquire@^1.1.0":
  version "1.1.0"
  resolved "https://registry.npmjs.org/@protobufjs/inquire/-/inquire-1.1.0.tgz"
  integrity sha512-kdSefcPdruJiFMVSbn801t4vFK7KB/5gd2fYvrxhuJYg8ILrmn9SKSX2tZdV6V+ksulWqS7aXjBcRXl3wHoD9Q==

"@protobufjs/path@^1.1.2":
  version "1.1.2"
  resolved "https://registry.npmjs.org/@protobufjs/path/-/path-1.1.2.tgz"
  integrity sha512-6JOcJ5Tm08dOHAbdR3GrvP+yUUfkjG5ePsHYczMFLq3ZmMkAD98cDgcT2iA1lJ9NVwFd4tH/iSSoe44YWkltEA==

"@protobufjs/pool@^1.1.0":
  version "1.1.0"
  resolved "https://registry.npmjs.org/@protobufjs/pool/-/pool-1.1.0.tgz"
  integrity sha512-0kELaGSIDBKvcgS4zkjz1PeddatrjYcmMWOlAuAPwAeccUrPHdUqo/J6LiymHHEiJT5NrF1UVwxY14f+fy4WQw==

"@protobufjs/utf8@^1.1.0":
  version "1.1.0"
  resolved "https://registry.npmjs.org/@protobufjs/utf8/-/utf8-1.1.0.tgz"
  integrity sha512-Vvn3zZrhQZkkBE8LSuW3em98c0FwgO4nxzv6OdSxPKJIEKY2bGbHn+mhGIPerzI4twdxaP8/0+06HBpwf345Lw==

"@testing-library/dom@^7.28.1":
  version "7.30.4"
  resolved "https://registry.npmjs.org/@testing-library/dom/-/dom-7.30.4.tgz"
  integrity sha512-GObDVMaI4ARrZEXaRy4moolNAxWPKvEYNV/fa6Uc2eAzR/t4otS6A7EhrntPBIQLeehL9DbVhscvvv7gd6hWqA==
  dependencies:
    "@babel/code-frame" "^7.10.4"
    "@babel/runtime" "^7.12.5"
    "@types/aria-query" "^4.2.0"
    aria-query "^4.2.2"
    chalk "^4.1.0"
    dom-accessibility-api "^0.5.4"
    lz-string "^1.4.4"
    pretty-format "^26.6.2"

"@testing-library/jest-dom@^5.11.4":
  version "5.12.0"
  resolved "https://registry.npmjs.org/@testing-library/jest-dom/-/jest-dom-5.12.0.tgz"
  integrity sha512-N9Y82b2Z3j6wzIoAqajlKVF1Zt7sOH0pPee0sUHXHc5cv2Fdn23r+vpWm0MBBoGJtPOly5+Bdx1lnc3CD+A+ow==
  dependencies:
    "@babel/runtime" "^7.9.2"
    "@types/testing-library__jest-dom" "^5.9.1"
    aria-query "^4.2.2"
    chalk "^3.0.0"
    css "^3.0.0"
    css.escape "^1.5.1"
    lodash "^4.17.15"
    redent "^3.0.0"

"@testing-library/react@^11.1.0":
  version "11.2.6"
  resolved "https://registry.npmjs.org/@testing-library/react/-/react-11.2.6.tgz"
  integrity sha512-TXMCg0jT8xmuU8BkKMtp8l7Z50Ykew5WNX8UoIKTaLFwKkP2+1YDhOLA2Ga3wY4x29jyntk7EWfum0kjlYiSjQ==
  dependencies:
    "@babel/runtime" "^7.12.5"
    "@testing-library/dom" "^7.28.1"

"@testing-library/user-event@^12.1.10":
  version "12.8.3"
  resolved "https://registry.npmjs.org/@testing-library/user-event/-/user-event-12.8.3.tgz"
  integrity sha512-IR0iWbFkgd56Bu5ZI/ej8yQwrkCv8Qydx6RzwbKz9faXazR/+5tvYKsZQgyXJiwgpcva127YO6JcWy7YlCfofQ==
  dependencies:
    "@babel/runtime" "^7.12.5"

"@types/aria-query@^4.2.0":
  version "4.2.1"
  resolved "https://registry.npmjs.org/@types/aria-query/-/aria-query-4.2.1.tgz"
  integrity sha512-S6oPal772qJZHoRZLFc/XoZW2gFvwXusYUmXPXkgxJLuEk2vOt7jc4Yo6z/vtI0EBkbPBVrJJ0B+prLIKiWqHg==

"@types/istanbul-lib-coverage@*", "@types/istanbul-lib-coverage@^2.0.0":
  version "2.0.3"
  resolved "https://registry.npmjs.org/@types/istanbul-lib-coverage/-/istanbul-lib-coverage-2.0.3.tgz"
  integrity sha512-sz7iLqvVUg1gIedBOvlkxPlc8/uVzyS5OwGz1cKjXzkl3FpL3al0crU8YGU1WoHkxn0Wxbw5tyi6hvzJKNzFsw==

"@types/istanbul-lib-report@*":
  version "3.0.0"
  resolved "https://registry.npmjs.org/@types/istanbul-lib-report/-/istanbul-lib-report-3.0.0.tgz"
  integrity sha512-plGgXAPfVKFoYfa9NpYDAkseG+g6Jr294RqeqcqDixSbU34MZVJRi/P+7Y8GDpzkEwLaGZZOpKIEmeVZNtKsrg==
  dependencies:
    "@types/istanbul-lib-coverage" "*"

"@types/istanbul-reports@^3.0.0":
  version "3.0.0"
  resolved "https://registry.npmjs.org/@types/istanbul-reports/-/istanbul-reports-3.0.0.tgz"
  integrity sha512-nwKNbvnwJ2/mndE9ItP/zc2TCzw6uuodnF4EHYWD+gCQDVBuRQL5UzbZD0/ezy1iKsFU2ZQiDqg4M9dN4+wZgA==
  dependencies:
    "@types/istanbul-lib-report" "*"

"@types/jest@*":
  version "26.0.23"
  resolved "https://registry.npmjs.org/@types/jest/-/jest-26.0.23.tgz"
  integrity sha512-ZHLmWMJ9jJ9PTiT58juykZpL7KjwJywFN3Rr2pTSkyQfydf/rk22yS7W8p5DaVUMQ2BQC7oYiU3FjbTM/mYrOA==
  dependencies:
    jest-diff "^26.0.0"
    pretty-format "^26.0.0"

"@types/node@*", "@types/node@>=12.12.47", "@types/node@>=13.7.0":
  version "15.0.1"
  resolved "https://registry.npmjs.org/@types/node/-/node-15.0.1.tgz"
  integrity sha512-TMkXt0Ck1y0KKsGr9gJtWGjttxlZnnvDtphxUOSd0bfaR6Q1jle+sPvrzNR1urqYTWMinoKvjKfXUGsumaO1PA==

"@types/testing-library__jest-dom@^5.9.1":
  version "5.9.5"
  resolved "https://registry.npmjs.org/@types/testing-library__jest-dom/-/testing-library__jest-dom-5.9.5.tgz"
  integrity sha512-ggn3ws+yRbOHog9GxnXiEZ/35Mow6YtPZpd7Z5mKDeZS/o7zx3yAle0ov/wjhVB5QT4N2Dt+GNoGCdqkBGCajQ==
  dependencies:
    "@types/jest" "*"

"@types/yargs-parser@*":
  version "20.2.0"
  resolved "https://registry.npmjs.org/@types/yargs-parser/-/yargs-parser-20.2.0.tgz"
  integrity sha512-37RSHht+gzzgYeobbG+KWryeAW8J33Nhr69cjTqSYymXVZEN9NbRYWoYlRtDhHKPVT1FyNKwaTPC1NynKZpzRA==

"@types/yargs@^15.0.0":
  version "15.0.13"
  resolved "https://registry.npmjs.org/@types/yargs/-/yargs-15.0.13.tgz"
  integrity sha512-kQ5JNTrbDv3Rp5X2n/iUu37IJBDU2gsZ5R/g1/KHOOEc5IKfUFjXT6DENPGduh08I/pamwtEq4oul7gUqKTQDQ==
  dependencies:
    "@types/yargs-parser" "*"

ansi-regex@^5.0.0, ansi-regex@^5.0.1:
  version "5.0.1"
  resolved "https://registry.npmjs.org/ansi-regex/-/ansi-regex-5.0.1.tgz"
  integrity sha512-quJQXlTSUGL2LH9SUXo8VwsY4soanhgo6LNSm84E1LBcE8s3O0wpdiRzyR9z/ZZJMlMWv37qOOb9pdJlMUEKFQ==

ansi-styles@^4.0.0, ansi-styles@^4.1.0:
  version "4.3.0"
  resolved "https://registry.npmjs.org/ansi-styles/-/ansi-styles-4.3.0.tgz"
  integrity sha512-zbB9rCJAT1rbjiVDb2hqKFHNYLxgtk8NURxZ3IZwD3F6NtxbXZQCnnSi1Lkx+IDohdPlFp222wVALIheZJQSEg==
  dependencies:
    color-convert "^2.0.1"

aria-query@^4.2.2:
  version "4.2.2"
  resolved "https://registry.npmjs.org/aria-query/-/aria-query-4.2.2.tgz"
  integrity sha512-o/HelwhuKpTj/frsOsbNLNgnNGVIFsVP/SW2BSF14gVl7kAfMOJ6/8wUAUvG1R1NHKrfG+2sHZTu0yauT1qBrA==
  dependencies:
    "@babel/runtime" "^7.10.2"
    "@babel/runtime-corejs3" "^7.10.2"

atob@^2.1.2:
  version "2.1.2"
  resolved "https://registry.npmjs.org/atob/-/atob-2.1.2.tgz"
  integrity sha512-Wm6ukoaOGJi/73p/cl2GvLjTI5JM1k/O14isD73YML8StrH/7/lRFgmg8nICZgD3bZZvjwCGxtMOD3wWNAu8cg==

chalk@^3.0.0:
  version "3.0.0"
  resolved "https://registry.npmjs.org/chalk/-/chalk-3.0.0.tgz"
  integrity sha512-4D3B6Wf41KOYRFdszmDqMCGq5VV/uMAB273JILmO+3jAlh8X4qDtdtgCR3fxtbLEMzSx22QdhnDcJvu2u1fVwg==
  dependencies:
    ansi-styles "^4.1.0"
    supports-color "^7.1.0"

chalk@^4.0.0, chalk@^4.1.0:
  version "4.1.2"
  resolved "https://registry.npmjs.org/chalk/-/chalk-4.1.2.tgz"
  integrity sha512-oKnbhFyRIXpUuez8iBMmyEa4nbj4IOQyuhc/wy9kY7/WVPcwIO9VA668Pu8RkO7+0G76SLROeyw9CpQ061i4mA==
  dependencies:
    ansi-styles "^4.1.0"
    supports-color "^7.1.0"

cliui@^8.0.1:
  version "8.0.1"
  resolved "https://registry.npmjs.org/cliui/-/cliui-8.0.1.tgz"
  integrity sha512-BSeNnyus75C4//NQ9gQt1/csTXyo/8Sb+afLAkzAptFuMsod9HFokGNudZpi/oQV73hnVK+sR+5PVRMd+Dr7YQ==
  dependencies:
    string-width "^4.2.0"
    strip-ansi "^6.0.1"
    wrap-ansi "^7.0.0"

color-convert@^2.0.1:
  version "2.0.1"
  resolved "https://registry.npmjs.org/color-convert/-/color-convert-2.0.1.tgz"
  integrity sha512-RRECPsj7iu/xb5oKYcsFHSppFNnsj/52OVTRKb4zP5onXwVF3zVmmToNcOfGC+CRDpfK/U584fMg38ZHCaElKQ==
  dependencies:
    color-name "~1.1.4"

color-name@~1.1.4:
  version "1.1.4"
  resolved "https://registry.npmjs.org/color-name/-/color-name-1.1.4.tgz"
  integrity sha512-dOy+3AuW3a2wNbZHIuMZpTcgjGuLU/uBL/ubcZF9OXbDo8ff4O8yVp5Bf0efS8uEoYo5q4Fx7dY9OgQGXgAsQA==

core-js-pure@^3.43.0:
  version "3.45.1"
  resolved "https://registry.npmjs.org/core-js-pure/-/core-js-pure-3.45.1.tgz"
  integrity sha512-OHnWFKgTUshEU8MK+lOs1H8kC8GkTi9Z1tvNkxrCcw9wl3MJIO7q2ld77wjWn4/xuGrVu2X+nME1iIIPBSdyEQ==

css.escape@^1.5.1:
  version "1.5.1"
  resolved "https://registry.npmjs.org/css.escape/-/css.escape-1.5.1.tgz"
  integrity sha1-QuJ9T6BK4y+TGktNQZH6nN3ul8s=

css@^3.0.0:
  version "3.0.0"
  resolved "https://registry.npmjs.org/css/-/css-3.0.0.tgz"
  integrity sha512-DG9pFfwOrzc+hawpmqX/dHYHJG+Bsdb0klhyi1sDneOgGOXy9wQIC8hzyVp1e4NRYDBdxcylvywPkkXCHAzTyQ==
  dependencies:
    inherits "^2.0.4"
    source-map "^0.6.1"
    source-map-resolve "^0.6.0"

decode-uri-component@^0.2.0:
  version "0.2.2"
  resolved "https://registry.npmjs.org/decode-uri-component/-/decode-uri-component-0.2.2.tgz"
  integrity sha512-FqUYQ+8o158GyGTrMFJms9qh3CqTKvAqgqsTnkLI8sKu0028orqBhxNMFkFen0zGyg6epACD32pjVk58ngIErQ==

diff-sequences@^26.6.2:
  version "26.6.2"
  resolved "https://registry.npmjs.org/diff-sequences/-/diff-sequences-26.6.2.tgz"
  integrity sha512-Mv/TDa3nZ9sbc5soK+OoA74BsS3mL37yixCvUAQkiuA4Wz6YtwP/K47n2rv2ovzHZvoiQeA5FTQOschKkEwB0Q==

dom-accessibility-api@^0.5.4:
  version "0.5.4"
  resolved "https://registry.npmjs.org/dom-accessibility-api/-/dom-accessibility-api-0.5.4.tgz"
  integrity sha512-TvrjBckDy2c6v6RLxPv5QXOnU+SmF9nBII5621Ve5fu6Z/BDrENurBEvlC1f44lKEUVqOpK4w9E5Idc5/EgkLQ==

emoji-regex@^8.0.0:
  version "8.0.0"
  resolved "https://registry.npmjs.org/emoji-regex/-/emoji-regex-8.0.0.tgz"
  integrity sha512-MSjYzcWNOA0ewAHpz0MxpYFvwg6yjy1NG3xteoqz644VCo/RPgnr1/GGt+ic3iJTzQ8Eu3TdM14SawnVUmGE6A==

escalade@^3.1.1:
  version "3.2.0"
  resolved "https://registry.npmjs.org/escalade/-/escalade-3.2.0.tgz"
  integrity sha512-WUj2qlxaQtO4g6Pq5c29GTcWGDyd8itL8zTlipgECz3JesAiiOKotd8JU6otB3PACgG6xkJUyVhboMS+bje/jA==

faye-websocket@0.11.4:
  version "0.11.4"
  resolved "https://registry.npmjs.org/faye-websocket/-/faye-websocket-0.11.4.tgz"
  integrity sha512-CzbClwlXAuiRQAlUyfqPgvPoNKTckTPGfwZV4ZdAhVcP2lh9KUxJg2b5GkE7XbjKQ3YJnQ9z6D9ntLAlB+tP8g==
  dependencies:
    websocket-driver ">=0.5.1"

firebase@^12.2.1:
  version "12.2.1"
  resolved "https://registry.npmjs.org/firebase/-/firebase-12.2.1.tgz"
  integrity sha512-UkuW2ZYaq/QuOQ24bfaqmkVqoBFhkA/ptATfPuRtc5vdm+zhwc3mfZBwFe6LqH9yrCN/6rAblgxKz2/0tDvA7w==
  dependencies:
    "@firebase/ai" "2.2.1"
    "@firebase/analytics" "0.10.18"
    "@firebase/analytics-compat" "0.2.24"
    "@firebase/app" "0.14.2"
    "@firebase/app-check" "0.11.0"
    "@firebase/app-check-compat" "0.4.0"
    "@firebase/app-compat" "0.5.2"
    "@firebase/app-types" "0.9.3"
    "@firebase/auth" "1.11.0"
    "@firebase/auth-compat" "0.6.0"
    "@firebase/data-connect" "0.3.11"
    "@firebase/database" "1.1.0"
    "@firebase/database-compat" "2.1.0"
    "@firebase/firestore" "4.9.1"
    "@firebase/firestore-compat" "0.4.1"
    "@firebase/functions" "0.13.1"
    "@firebase/functions-compat" "0.4.1"
    "@firebase/installations" "0.6.19"
    "@firebase/installations-compat" "0.2.19"
    "@firebase/messaging" "0.12.23"
    "@firebase/messaging-compat" "0.2.23"
    "@firebase/performance" "0.7.9"
    "@firebase/performance-compat" "0.2.22"
    "@firebase/remote-config" "0.6.6"
    "@firebase/remote-config-compat" "0.2.19"
    "@firebase/storage" "0.14.0"
    "@firebase/storage-compat" "0.4.0"
    "@firebase/util" "1.13.0"

get-caller-file@^2.0.5:
  version "2.0.5"
  resolved "https://registry.npmjs.org/get-caller-file/-/get-caller-file-2.0.5.tgz"
  integrity sha512-DyFP3BM/3YHTQOCUL/w0OZHR0lpKeGrxotcHWcqNEdnltqFwXVfhEBQ94eIo34AfQpo0rGki4cyIiftY06h2Fg==

has-flag@^4.0.0:
  version "4.0.0"
  resolved "https://registry.npmjs.org/has-flag/-/has-flag-4.0.0.tgz"
  integrity sha512-EykJT/Q1KjTWctppgIAgfSO0tKVuZUjhgMr17kqTumMl6Afv3EISleU7qZUzoXDFTAHTDC4NOoG/ZxU3EvlMPQ==

history@^4.9.0:
  version "4.10.1"
  resolved "https://registry.npmjs.org/history/-/history-4.10.1.tgz"
  integrity sha512-36nwAD620w12kuzPAsyINPWJqlNbij+hpK1k9XRloDtym8mxzGYl2c17LnV6IAGB2Dmg4tEa7G7DlawS0+qjew==
  dependencies:
    "@babel/runtime" "^7.1.2"
    loose-envify "^1.2.0"
    resolve-pathname "^3.0.0"
    tiny-invariant "^1.0.2"
    tiny-warning "^1.0.0"
    value-equal "^1.0.1"

hoist-non-react-statics@^3.1.0:
  version "3.3.2"
  resolved "https://registry.npmjs.org/hoist-non-react-statics/-/hoist-non-react-statics-3.3.2.tgz"
  integrity sha512-/gGivxi8JPKWNm/W0jSmzcMPpfpPLc3dY/6GxhX2hQ9iGj3aDfklV4ET7NjKpSinLpJ5vafa9iiGIEZg10SfBw==
  dependencies:
    react-is "^16.7.0"

http-parser-js@>=0.5.1:
  version "0.5.10"
  resolved "https://registry.npmjs.org/http-parser-js/-/http-parser-js-0.5.10.tgz"
  integrity sha512-Pysuw9XpUq5dVc/2SMHpuTY01RFl8fttgcyunjL7eEMhGM3cI4eOmiCycJDVCo/7O7ClfQD3SaI6ftDzqOXYMA==

idb@7.1.1:
  version "7.1.1"
  resolved "https://registry.npmjs.org/idb/-/idb-7.1.1.tgz"
  integrity sha512-gchesWBzyvGHRO9W8tzUWFDycow5gwjvFKfyV9FF32Y7F50yZMp7mP+T2mJIWFx49zicqyC4uefHM17o6xKIVQ==

indent-string@^4.0.0:
  version "4.0.0"
  resolved "https://registry.npmjs.org/indent-string/-/indent-string-4.0.0.tgz"
  integrity sha512-EdDDZu4A2OyIK7Lr/2zG+w5jmbuk1DVBnEwREQvBzspBJkCEbRa8GxU1lghYcaGJCnRWibjDXlq779X1/y5xwg==

inherits@^2.0.4:
  version "2.0.4"
  resolved "https://registry.npmjs.org/inherits/-/inherits-2.0.4.tgz"
  integrity sha512-k/vGaX4/Yla3WzyMCvTQOXYeIHvqOKtnqBduzTHpzpQZzAskKMhZ2K+EnBiSM9zGSoIFeMpXKxa4dYeZIQqewQ==

is-fullwidth-code-point@^3.0.0:
  version "3.0.0"
  resolved "https://registry.npmjs.org/is-fullwidth-code-point/-/is-fullwidth-code-point-3.0.0.tgz"
  integrity sha512-zymm5+u+sCsSWyD9qNaejV3DFvhCKclKdizYaJUuHA83RLjb7nSuGnddCHGv0hk+KY7BMAlsWeK4Ueg6EV6XQg==

isarray@0.0.1:
  version "0.0.1"
  resolved "https://registry.npmjs.org/isarray/-/isarray-0.0.1.tgz"
  integrity sha1-ihis/Kmo9Bd+Cav8YDiTmwXR7t8=

jest-diff@^26.0.0:
  version "26.6.2"
  resolved "https://registry.npmjs.org/jest-diff/-/jest-diff-26.6.2.tgz"
  integrity sha512-6m+9Z3Gv9wN0WFVasqjCL/06+EFCMTqDEUl/b87HYK2rAPTyfz4ZIuSlPhY51PIQRWx5TaxeF1qmXKe9gfN3sA==
  dependencies:
    chalk "^4.0.0"
    diff-sequences "^26.6.2"
    jest-get-type "^26.3.0"
    pretty-format "^26.6.2"

jest-get-type@^26.3.0:
  version "26.3.0"
  resolved "https://registry.npmjs.org/jest-get-type/-/jest-get-type-26.3.0.tgz"
  integrity sha512-TpfaviN1R2pQWkIihlfEanwOXK0zcxrKEE4MlU6Tn7keoXdN6/3gK/xl0yEh8DOunn5pOVGKf8hB4R9gVh04ig==

"js-tokens@^3.0.0 || ^4.0.0", js-tokens@^4.0.0:
  version "4.0.0"
  resolved "https://registry.npmjs.org/js-tokens/-/js-tokens-4.0.0.tgz"
  integrity sha512-RdJUflcE3cUzKiMqQgsCu06FPu9UdIJO0beYbPhHN4k6apgJtifcoCtT9bcxOpYBtpD2kCM6Sbzg4CausW/PKQ==

lodash.camelcase@^4.3.0:
  version "4.3.0"
  resolved "https://registry.npmjs.org/lodash.camelcase/-/lodash.camelcase-4.3.0.tgz"
  integrity sha512-TwuEnCnxbc3rAvhf/LbG7tJUDzhqXyFnv3dtzLOPgCG/hODL7WFnsbwktkD7yUV0RrreP/l1PALq/YSg6VvjlA==

lodash@^4.17.15:
  version "4.17.21"
  resolved "https://registry.npmjs.org/lodash/-/lodash-4.17.21.tgz"
  integrity sha512-v2kDEe57lecTulaDIuNTPy3Ry4gLGJ6Z1O3vE1krgXZNrsQ+LFTGHVxVjcXPs17LhbZVGedAJv8XZ1tvj5FvSg==

long@^5.0.0:
  version "5.3.2"
  resolved "https://registry.npmjs.org/long/-/long-5.3.2.tgz"
  integrity sha512-mNAgZ1GmyNhD7AuqnTG3/VQ26o760+ZYBPKjPvugO8+nLbYfX6TVpJPseBvopbdY+qpZ/lKUnmEc1LeZYS3QAA==

loose-envify@^1.1.0, loose-envify@^1.2.0, loose-envify@^1.3.1, loose-envify@^1.4.0:
  version "1.4.0"
  resolved "https://registry.npmjs.org/loose-envify/-/loose-envify-1.4.0.tgz"
  integrity sha512-lyuxPGr/Wfhrlem2CL/UcnUc1zcqKAImBDzukY7Y5F/yQiNdko6+fRLevlw1HgMySw7f611UIY408EtxRSoK3Q==
  dependencies:
    js-tokens "^3.0.0 || ^4.0.0"

lz-string@^1.4.4:
  version "1.4.4"
  resolved "https://registry.npmjs.org/lz-string/-/lz-string-1.4.4.tgz"
  integrity sha1-wNjq82BZ9wV5bh40SBHPTEmNOiY=

min-indent@^1.0.0:
  version "1.0.1"
  resolved "https://registry.npmjs.org/min-indent/-/min-indent-1.0.1.tgz"
  integrity sha512-I9jwMn07Sy/IwOj3zVkVik2JTvgpaykDZEigL6Rx6N9LbMywwUSMtxET+7lVoDLLd3O3IXwJwvuuns8UB/HeAg==

mini-create-react-context@^0.4.0:
  version "0.4.1"
  resolved "https://registry.npmjs.org/mini-create-react-context/-/mini-create-react-context-0.4.1.tgz"
  integrity sha512-YWCYEmd5CQeHGSAKrYvXgmzzkrvssZcuuQDDeqkT+PziKGMgE+0MCCtcKbROzocGBG1meBLl2FotlRwf4gAzbQ==
  dependencies:
    "@babel/runtime" "^7.12.1"
    tiny-warning "^1.0.3"

object-assign@^4.1.1:
  version "4.1.1"
  resolved "https://registry.npmjs.org/object-assign/-/object-assign-4.1.1.tgz"
  integrity sha1-IQmtx5ZYh8/AXLvUQsrIv7s2CGM=

path-to-regexp@^1.7.0:
  version "1.9.0"
  resolved "https://registry.npmjs.org/path-to-regexp/-/path-to-regexp-1.9.0.tgz"
  integrity sha512-xIp7/apCFJuUHdDLWe8O1HIkb0kQrOMb/0u6FXQjemHn/ii5LrIzU6bdECnsiTF/GjZkMEKg1xdiZwNqDYlZ6g==
  dependencies:
    isarray "0.0.1"

picocolors@^1.1.1:
  version "1.1.1"
  resolved "https://registry.npmjs.org/picocolors/-/picocolors-1.1.1.tgz"
  integrity sha512-xceH2snhtb5M9liqDsmEw56le376mTZkEX/jEb/RxNFyegNul7eNslCXP9FDj/Lcu0X8KEyMceP2ntpaHrDEVA==

pretty-format@^26.0.0, pretty-format@^26.6.2:
  version "26.6.2"
  resolved "https://registry.npmjs.org/pretty-format/-/pretty-format-26.6.2.tgz"
  integrity sha512-7AeGuCYNGmycyQbCqd/3PWH4eOoX/OiCa0uphp57NVTeAGdJGaAliecxwBDHYQCIvrW7aDBZCYeNTP/WX69mkg==
  dependencies:
    "@jest/types" "^26.6.2"
    ansi-regex "^5.0.0"
    ansi-styles "^4.0.0"
    react-is "^17.0.1"

prop-types@^15.6.2:
  version "15.8.1"
  resolved "https://registry.npmjs.org/prop-types/-/prop-types-15.8.1.tgz"
  integrity sha512-oj87CgZICdulUohogVAR7AjlC0327U4el4L6eAvOqCeudMDVU0NThNaV+b9Df4dXgSP1gXMTnPdhfe/2qDH5cg==
  dependencies:
    loose-envify "^1.4.0"
    object-assign "^4.1.1"
    react-is "^16.13.1"

protobufjs@^7.2.5:
  version "7.5.4"
  resolved "https://registry.npmjs.org/protobufjs/-/protobufjs-7.5.4.tgz"
  integrity sha512-CvexbZtbov6jW2eXAvLukXjXUW1TzFaivC46BpWc/3BpcCysb5Vffu+B3XHMm8lVEuy2Mm4XGex8hBSg1yapPg==
  dependencies:
    "@protobufjs/aspromise" "^1.1.2"
    "@protobufjs/base64" "^1.1.2"
    "@protobufjs/codegen" "^2.0.4"
    "@protobufjs/eventemitter" "^1.1.0"
    "@protobufjs/fetch" "^1.1.0"
    "@protobufjs/float" "^1.0.2"
    "@protobufjs/inquire" "^1.1.0"
    "@protobufjs/path" "^1.1.2"
    "@protobufjs/pool" "^1.1.0"
    "@protobufjs/utf8" "^1.1.0"
    "@types/node" ">=13.7.0"
    long "^5.0.0"

react-dom@^17.0.2:
  version "17.0.2"
  resolved "https://registry.npmjs.org/react-dom/-/react-dom-17.0.2.tgz"
  integrity sha512-s4h96KtLDUQlsENhMn1ar8t2bEa+q/YAtj8pPPdIjPDGBDIVNsrD9aXNWqspUe6AzKCIG0C1HZZLqLV7qpOBGA==
  dependencies:
    loose-envify "^1.1.0"
    object-assign "^4.1.1"
    scheduler "^0.20.2"

react-is@^16.13.1, react-is@^16.6.0, react-is@^16.7.0:
  version "16.13.1"
  resolved "https://registry.npmjs.org/react-is/-/react-is-16.13.1.tgz"
  integrity sha512-24e6ynE2H+OKt4kqsOvNd8kBpV65zoxbA4BVsEOB3ARVWQki/DHzaUoC5KuON/BiccDaCCTZBuOcfZs70kR8bQ==

react-is@^17.0.1:
  version "17.0.2"
  resolved "https://registry.npmjs.org/react-is/-/react-is-17.0.2.tgz"
  integrity sha512-w2GsyukL62IJnlaff/nRegPQR94C/XXamvMWmSHRJ4y7Ts/4ocGRmTHvOs8PSE6pB3dWOrD/nueuU5sduBsQ4w==

react-router-dom@^5.2.0:
  version "5.2.0"
  resolved "https://registry.npmjs.org/react-router-dom/-/react-router-dom-5.2.0.tgz"
  integrity sha512-gxAmfylo2QUjcwxI63RhQ5G85Qqt4voZpUXSEqCwykV0baaOTQDR1f0PmY8AELqIyVc0NEZUj0Gov5lNGcXgsA==
  dependencies:
    "@babel/runtime" "^7.1.2"
    history "^4.9.0"
    loose-envify "^1.3.1"
    prop-types "^15.6.2"
    react-router "5.2.0"
    tiny-invariant "^1.0.2"
    tiny-warning "^1.0.0"

react-router@5.2.0:
  version "5.2.0"
  resolved "https://registry.npmjs.org/react-router/-/react-router-5.2.0.tgz"
  integrity sha512-smz1DUuFHRKdcJC0jobGo8cVbhO3x50tCL4icacOlcwDOEQPq4TMqwx3sY1TP+DvtTgz4nm3thuo7A+BK2U0Dw==
  dependencies:
    "@babel/runtime" "^7.1.2"
    history "^4.9.0"
    hoist-non-react-statics "^3.1.0"
    loose-envify "^1.3.1"
    mini-create-react-context "^0.4.0"
    path-to-regexp "^1.7.0"
    prop-types "^15.6.2"
    react-is "^16.6.0"
    tiny-invariant "^1.0.2"
    tiny-warning "^1.0.0"

react-scripts@^0.0.0:
  version "0.0.0"
  resolved "https://registry.npmjs.org/react-scripts/-/react-scripts-0.0.0.tgz"
  integrity sha512-W7cVfdhbIvYrTjVaryO7WCpvzODu8V7JH/1O36RcfuzP3Cxjp5WpX5ycaoGt0LSQpntrem5jFSUoJrtvru1reA==

react@^17.0.2:
  version "17.0.2"
  resolved "https://registry.npmjs.org/react/-/react-17.0.2.tgz"
  integrity sha512-gnhPt75i/dq/z3/6q/0asP78D0u592D5L1pd7M8P+dck6Fu/jJeL6iVVK23fptSUZj8Vjf++7wXA8UNclGQcbA==
  dependencies:
    loose-envify "^1.1.0"
    object-assign "^4.1.1"

redent@^3.0.0:
  version "3.0.0"
  resolved "https://registry.npmjs.org/redent/-/redent-3.0.0.tgz"
  integrity sha512-6tDA8g98We0zd0GvVeMT9arEOnTw9qM03L9cJXaCjrip1OO764RDBLBfrB4cwzNGDj5OA5ioymC9GkizgWJDUg==
  dependencies:
    indent-string "^4.0.0"
    strip-indent "^3.0.0"

require-directory@^2.1.1:
  version "2.1.1"
  resolved "https://registry.npmjs.org/require-directory/-/require-directory-2.1.1.tgz"
  integrity sha512-fGxEI7+wsG9xrvdjsrlmL22OMTTiHRwAMroiEeMgq8gzoLC/PQr7RsRDSTLUg/bZAZtF+TVIkHc6/4RIKrui+Q==

resolve-pathname@^3.0.0:
  version "3.0.0"
  resolved "https://registry.npmjs.org/resolve-pathname/-/resolve-pathname-3.0.0.tgz"
  integrity sha512-C7rARubxI8bXFNB/hqcp/4iUeIXJhJZvFPFPiSPRnhU5UPxzMFIl+2E6yY6c4k9giDJAhtV+enfA+G89N6Csng==

safe-buffer@>=5.1.0:
  version "5.2.1"
  resolved "https://registry.npmjs.org/safe-buffer/-/safe-buffer-5.2.1.tgz"
  integrity sha512-rp3So07KcdmmKbGvgaNxQSJr7bGVSVk5S9Eq1F+ppbRo70+YeaDxkw5Dd8NPN+GD6bjnYm2VuPuCXmpuYvmCXQ==

scheduler@^0.20.2:
  version "0.20.2"
  resolved "https://registry.npmjs.org/scheduler/-/scheduler-0.20.2.tgz"
  integrity sha512-2eWfGgAqqWFGqtdMmcL5zCMK1U8KlXv8SQFGglL3CEtd0aDVDWgeF/YoCmvln55m5zSk3J/20hTaSBeSObsQDQ==
  dependencies:
    loose-envify "^1.1.0"
    object-assign "^4.1.1"

source-map-resolve@^0.6.0:
  version "0.6.0"
  resolved "https://registry.npmjs.org/source-map-resolve/-/source-map-resolve-0.6.0.tgz"
  integrity sha512-KXBr9d/fO/bWo97NXsPIAW1bFSBOuCnjbNTBMO7N59hsv5i9yzRDfcYwwt0l04+VqnKC+EwzvJZIP/qkuMgR/w==
  dependencies:
    atob "^2.1.2"
    decode-uri-component "^0.2.0"

source-map@^0.6.1:
  version "0.6.1"
  resolved "https://registry.npmjs.org/source-map/-/source-map-0.6.1.tgz"
  integrity sha512-UjgapumWlbMhkBgzT7Ykc5YXUT46F0iKu8SGXq0bcwP5dz/h0Plj6enJqjz1Zbq2l5WaqYnrVbwWOWMyF3F47g==

string-width@^4.1.0, string-width@^4.2.0, string-width@^4.2.3:
  version "4.2.3"
  resolved "https://registry.npmjs.org/string-width/-/string-width-4.2.3.tgz"
  integrity sha512-wKyQRQpjJ0sIp62ErSZdGsjMJWsap5oRNihHhu6G7JVO/9jIB6UyevL+tXuOqrng8j/cxKTWyWUwvSTriiZz/g==
  dependencies:
    emoji-regex "^8.0.0"
    is-fullwidth-code-point "^3.0.0"
    strip-ansi "^6.0.1"

strip-ansi@^6.0.0, strip-ansi@^6.0.1:
  version "6.0.1"
  resolved "https://registry.npmjs.org/strip-ansi/-/strip-ansi-6.0.1.tgz"
  integrity sha512-Y38VPSHcqkFrCpFnQ9vuSXmquuv5oXOKpGeT6aGrr3o3Gc9AlVa6JBfUSOCnbxGGZF+/0ooI7KrPuUSztUdU5A==
  dependencies:
    ansi-regex "^5.0.1"

strip-indent@^3.0.0:
  version "3.0.0"
  resolved "https://registry.npmjs.org/strip-indent/-/strip-indent-3.0.0.tgz"
  integrity sha512-laJTa3Jb+VQpaC6DseHhF7dXVqHTfJPCRDaEbid/drOhgitgYku/letMUqOXFoWV0zIIUbjpdH2t+tYj4bQMRQ==
  dependencies:
    min-indent "^1.0.0"

supports-color@^7.1.0:
  version "7.2.0"
  resolved "https://registry.npmjs.org/supports-color/-/supports-color-7.2.0.tgz"
  integrity sha512-qpCAvRl9stuOHveKsn7HncJRvv501qIacKzQlO/+Lwxc9+0q2wLyv4Dfvt80/DPn2pqOBsJdDiogXGR9+OvwRw==
  dependencies:
    has-flag "^4.0.0"

tiny-invariant@^1.0.2:
  version "1.1.0"
  resolved "https://registry.npmjs.org/tiny-invariant/-/tiny-invariant-1.1.0.tgz"
  integrity sha512-ytxQvrb1cPc9WBEI/HSeYYoGD0kWnGEOR8RY6KomWLBVhqz0RgTwVO9dLrGz7dC+nN9llyI7OKAgRq8Vq4ZBSw==

tiny-warning@^1.0.0, tiny-warning@^1.0.3:
  version "1.0.3"
  resolved "https://registry.npmjs.org/tiny-warning/-/tiny-warning-1.0.3.tgz"
  integrity sha512-lBN9zLN/oAf68o3zNXYrdCt1kP8WsiGW8Oo2ka41b2IM5JL/S1CTyX1rW0mb/zSuJun0ZUrDxx4sqvYS2FWzPA==

tslib@^2.1.0:
  version "2.8.1"
  resolved "https://registry.npmjs.org/tslib/-/tslib-2.8.1.tgz"
  integrity sha512-oJFu94HQb+KVduSUQL7wnpmqnfmLsOA/nAh6b6EH0wCEoK0/mPeXU6c3wKDV83MkOuHPRHtSXKKU99IBazS/2w==

value-equal@^1.0.1:
  version "1.0.1"
  resolved "https://registry.npmjs.org/value-equal/-/value-equal-1.0.1.tgz"
  integrity sha512-NOJ6JZCAWr0zlxZt+xqCHNTEKOsrks2HQd4MqhP1qy4z1SkbEP467eNx6TgDKXMvUOb+OENfJCZwM+16n7fRfw==

web-vitals@^1.0.1:
  version "1.1.1"
  resolved "https://registry.npmjs.org/web-vitals/-/web-vitals-1.1.1.tgz"
  integrity sha512-jYOaqu01Ny1NvMwJ3dBJDUOJ2PGWknZWH4AUnvFOscvbdHMERIKT2TlgiAey5rVyfOePG7so2JcXXZdSnBvioQ==

web-vitals@^4.2.4:
  version "4.2.4"
  resolved "https://registry.npmjs.org/web-vitals/-/web-vitals-4.2.4.tgz"
  integrity sha512-r4DIlprAGwJ7YM11VZp4R884m0Vmgr6EAKe3P+kO0PPj3Unqyvv59rczf6UiGcb9Z8QxZVcqKNwv/g0WNdWwsw==

websocket-driver@>=0.5.1:
  version "0.7.4"
  resolved "https://registry.npmjs.org/websocket-driver/-/websocket-driver-0.7.4.tgz"
  integrity sha512-b17KeDIQVjvb0ssuSDF2cYXSg2iztliJ4B9WdsuB6J952qCPKmnVq4DyW5motImXHDC1cBT/1UezrJVsKw5zjg==
  dependencies:
    http-parser-js ">=0.5.1"
    safe-buffer ">=5.1.0"
    websocket-extensions ">=0.1.1"

websocket-extensions@>=0.1.1:
  version "0.1.4"
  resolved "https://registry.npmjs.org/websocket-extensions/-/websocket-extensions-0.1.4.tgz"
  integrity sha512-OqedPIGOfsDlo31UNwYbCFMSaO9m9G/0faIHj5/dZFDMFqPTcx6UwqyOy3COEaEOg/9VsGIpdqn62W5KhoKSpg==

wrap-ansi@^7.0.0:
  version "7.0.0"
  resolved "https://registry.npmjs.org/wrap-ansi/-/wrap-ansi-7.0.0.tgz"
  integrity sha512-YVGIj2kamLSTxw6NsZjoBxfSwsn0ycdesmc4p+Q21c5zPuZ1pl+NfxVdxPtdHvmNVOQ6XSYG4AUtyt/Fi7D16Q==
  dependencies:
    ansi-styles "^4.0.0"
    string-width "^4.1.0"
    strip-ansi "^6.0.0"

y18n@^5.0.5:
  version "5.0.8"
  resolved "https://registry.npmjs.org/y18n/-/y18n-5.0.8.tgz"
  integrity sha512-0pfFzegeDWJHJIAmTLRP2DwHjdF5s7jo9tuztdQxAhINCdvS+3nGINqPd00AphqJR/0LhANUS6/+7SCb98YOfA==

yargs-parser@^21.1.1:
  version "21.1.1"
  resolved "https://registry.npmjs.org/yargs-parser/-/yargs-parser-21.1.1.tgz"
  integrity sha512-tVpsJW7DdjecAiFpbIB1e3qxIQsE6NoPc5/eTdrbbIC4h0LVsWhnoa3g+m2HclBIujHzsxZ4VJVA+GUuc2/LBw==

yargs@^17.7.2:
  version "17.7.2"
  resolved "https://registry.npmjs.org/yargs/-/yargs-17.7.2.tgz"
  integrity sha512-7dSzzRQ++CKnNI/krKnYRV7JKKPUXMEh61soaHKg9mrWEhzFWhFnxPxGl+69cD1Ou63C13NUPCnmIcrvqCuM6w==
  dependencies:
    cliui "^8.0.1"
    escalade "^3.1.1"
    get-caller-file "^2.0.5"
    require-directory "^2.1.1"
    string-width "^4.2.3"
    y18n "^5.0.5"
    yargs-parser "^21.1.1"
